// !$*UTF8*$!
{
	archiveVersion = 1;
	classes = {
	};
	objectVersion = 46;
	objects = {

/* Begin PBXBuildFile section */
		C29CAC421DEAD6AA005044F5 /* main.m in Sources */ = {isa = PBXBuildFile; fileRef = C29CAC411DEAD6AA005044F5 /* main.m */; };
		C29CAC451DEAD6AA005044F5 /* AppDelegate.m in Sources */ = {isa = PBXBuildFile; fileRef = C29CAC441DEAD6AA005044F5 /* AppDelegate.m */; };
		C29CAC481DEAD6AA005044F5 /* ViewController.m in Sources */ = {isa = PBXBuildFile; fileRef = C29CAC471DEAD6AA005044F5 /* ViewController.m */; };
		C29CAC4B1DEAD6AA005044F5 /* Main.storyboard in Resources */ = {isa = PBXBuildFile; fileRef = C29CAC491DEAD6AA005044F5 /* Main.storyboard */; };
		C29CAC4D1DEAD6AA005044F5 /* Assets.xcassets in Resources */ = {isa = PBXBuildFile; fileRef = C29CAC4C1DEAD6AA005044F5 /* Assets.xcassets */; };
		C29CAC501DEAD6AA005044F5 /* LaunchScreen.storyboard in Resources */ = {isa = PBXBuildFile; fileRef = C29CAC4E1DEAD6AA005044F5 /* LaunchScreen.storyboard */; };
		C29CAC5B1DEAD6AA005044F5 /* jiagexianTests.m in Sources */ = {isa = PBXBuildFile; fileRef = C29CAC5A1DEAD6AA005044F5 /* jiagexianTests.m */; };
		C29CAC661DEAD6AA005044F5 /* jiagexianUITests.m in Sources */ = {isa = PBXBuildFile; fileRef = C29CAC651DEAD6AA005044F5 /* jiagexianUITests.m */; };
		C29CAC771DEAD7B5005044F5 /* CitiesViewController.m in Sources */ = {isa = PBXBuildFile; fileRef = C29CAC761DEAD7B5005044F5 /* CitiesViewController.m */; };
		C29CAC7A1DEAD7C9005044F5 /* KeysViewController.m in Sources */ = {isa = PBXBuildFile; fileRef = C29CAC791DEAD7C9005044F5 /* KeysViewController.m */; };
		C29CAC7D1DEAD7D6005044F5 /* RoomsTableViewController.m in Sources */ = {isa = PBXBuildFile; fileRef = C29CAC7C1DEAD7D6005044F5 /* RoomsTableViewController.m */; };
		C2CACDCE1DEEA49300FC2BD1 /* AboutViewController.m in Sources */ = {isa = PBXBuildFile; fileRef = C2CACDCD1DEEA49300FC2BD1 /* AboutViewController.m */; };
		C2CACDD31DEEA54F00FC2BD1 /* HotelListTableViewController.m in Sources */ = {isa = PBXBuildFile; fileRef = C2CACDD21DEEA54F00FC2BD1 /* HotelListTableViewController.m */; };
		C2CACDD51DEEAB1900FC2BD1 /* cities.plist in Resources */ = {isa = PBXBuildFile; fileRef = C2CACDD41DEEAB1900FC2BD1 /* cities.plist */; };
/* End PBXBuildFile section */

/* Begin PBXContainerItemProxy section */
		C29CAC571DEAD6AA005044F5 /* PBXContainerItemProxy */ = {
			isa = PBXContainerItemProxy;
			containerPortal = C29CAC351DEAD6AA005044F5 /* Project object */;
			proxyType = 1;
			remoteGlobalIDString = C29CAC3C1DEAD6AA005044F5;
			remoteInfo = jiagexian;
		};
		C29CAC621DEAD6AA005044F5 /* PBXContainerItemProxy */ = {
			isa = PBXContainerItemProxy;
			containerPortal = C29CAC351DEAD6AA005044F5 /* Project object */;
			proxyType = 1;
			remoteGlobalIDString = C29CAC3C1DEAD6AA005044F5;
			remoteInfo = jiagexian;
		};
		C29CACA71DEAD85B005044F5 /* PBXContainerItemProxy */ = {
			isa = PBXContainerItemProxy;
			containerPortal = C29CACA21DEAD85A005044F5 /* BusinessLayer.xcodeproj */;
			proxyType = 2;
			remoteGlobalIDString = C29CAC881DEAD85A005044F5;
			remoteInfo = BusinessLayer;
		};
		C29CACA91DEAD85B005044F5 /* PBXContainerItemProxy */ = {
			isa = PBXContainerItemProxy;
			containerPortal = C29CACA21DEAD85A005044F5 /* BusinessLayer.xcodeproj */;
			proxyType = 2;
			remoteGlobalIDString = C29CAC911DEAD85A005044F5;
			remoteInfo = BusinessLayerTests;
		};
/* End PBXContainerItemProxy section */

/* Begin PBXFileReference section */
		C29CAC3D1DEAD6AA005044F5 /* jiagexian.app */ = {isa = PBXFileReference; explicitFileType = wrapper.application; includeInIndex = 0; path = jiagexian.app; sourceTree = BUILT_PRODUCTS_DIR; };
		C29CAC411DEAD6AA005044F5 /* main.m */ = {isa = PBXFileReference; lastKnownFileType = sourcecode.c.objc; path = main.m; sourceTree = "<group>"; };
		C29CAC431DEAD6AA005044F5 /* AppDelegate.h */ = {isa = PBXFileReference; lastKnownFileType = sourcecode.c.h; path = AppDelegate.h; sourceTree = "<group>"; };
		C29CAC441DEAD6AA005044F5 /* AppDelegate.m */ = {isa = PBXFileReference; lastKnownFileType = sourcecode.c.objc; path = AppDelegate.m; sourceTree = "<group>"; };
		C29CAC461DEAD6AA005044F5 /* ViewController.h */ = {isa = PBXFileReference; lastKnownFileType = sourcecode.c.h; path = ViewController.h; sourceTree = "<group>"; };
		C29CAC471DEAD6AA005044F5 /* ViewController.m */ = {isa = PBXFileReference; lastKnownFileType = sourcecode.c.objc; path = ViewController.m; sourceTree = "<group>"; };
		C29CAC4A1DEAD6AA005044F5 /* Base */ = {isa = PBXFileReference; lastKnownFileType = file.storyboard; name = Base; path = Base.lproj/Main.storyboard; sourceTree = "<group>"; };
		C29CAC4C1DEAD6AA005044F5 /* Assets.xcassets */ = {isa = PBXFileReference; lastKnownFileType = folder.assetcatalog; path = Assets.xcassets; sourceTree = "<group>"; };
		C29CAC4F1DEAD6AA005044F5 /* Base */ = {isa = PBXFileReference; lastKnownFileType = file.storyboard; name = Base; path = Base.lproj/LaunchScreen.storyboard; sourceTree = "<group>"; };
		C29CAC511DEAD6AA005044F5 /* Info.plist */ = {isa = PBXFileReference; lastKnownFileType = text.plist.xml; path = Info.plist; sourceTree = "<group>"; };
		C29CAC561DEAD6AA005044F5 /* jiagexianTests.xctest */ = {isa = PBXFileReference; explicitFileType = wrapper.cfbundle; includeInIndex = 0; path = jiagexianTests.xctest; sourceTree = BUILT_PRODUCTS_DIR; };
		C29CAC5A1DEAD6AA005044F5 /* jiagexianTests.m */ = {isa = PBXFileReference; lastKnownFileType = sourcecode.c.objc; path = jiagexianTests.m; sourceTree = "<group>"; };
		C29CAC5C1DEAD6AA005044F5 /* Info.plist */ = {isa = PBXFileReference; lastKnownFileType = text.plist.xml; path = Info.plist; sourceTree = "<group>"; };
		C29CAC611DEAD6AA005044F5 /* jiagexianUITests.xctest */ = {isa = PBXFileReference; explicitFileType = wrapper.cfbundle; includeInIndex = 0; path = jiagexianUITests.xctest; sourceTree = BUILT_PRODUCTS_DIR; };
		C29CAC651DEAD6AA005044F5 /* jiagexianUITests.m */ = {isa = PBXFileReference; lastKnownFileType = sourcecode.c.objc; path = jiagexianUITests.m; sourceTree = "<group>"; };
		C29CAC671DEAD6AA005044F5 /* Info.plist */ = {isa = PBXFileReference; lastKnownFileType = text.plist.xml; path = Info.plist; sourceTree = "<group>"; };
		C29CAC751DEAD7B5005044F5 /* CitiesViewController.h */ = {isa = PBXFileReference; fileEncoding = 4; lastKnownFileType = sourcecode.c.h; path = CitiesViewController.h; sourceTree = "<group>"; };
		C29CAC761DEAD7B5005044F5 /* CitiesViewController.m */ = {isa = PBXFileReference; fileEncoding = 4; lastKnownFileType = sourcecode.c.objc; path = CitiesViewController.m; sourceTree = "<group>"; };
		C29CAC781DEAD7C9005044F5 /* KeysViewController.h */ = {isa = PBXFileReference; fileEncoding = 4; lastKnownFileType = sourcecode.c.h; path = KeysViewController.h; sourceTree = "<group>"; };
		C29CAC791DEAD7C9005044F5 /* KeysViewController.m */ = {isa = PBXFileReference; fileEncoding = 4; lastKnownFileType = sourcecode.c.objc; path = KeysViewController.m; sourceTree = "<group>"; };
		C29CAC7B1DEAD7D6005044F5 /* RoomsTableViewController.h */ = {isa = PBXFileReference; fileEncoding = 4; lastKnownFileType = sourcecode.c.h; path = RoomsTableViewController.h; sourceTree = "<group>"; };
		C29CAC7C1DEAD7D6005044F5 /* RoomsTableViewController.m */ = {isa = PBXFileReference; fileEncoding = 4; lastKnownFileType = sourcecode.c.objc; path = RoomsTableViewController.m; sourceTree = "<group>"; };
		C29CACA21DEAD85A005044F5 /* BusinessLayer.xcodeproj */ = {isa = PBXFileReference; lastKnownFileType = "wrapper.pb-project"; name = BusinessLayer.xcodeproj; path = BusinessLayer/BusinessLayer.xcodeproj; sourceTree = "<group>"; };
		C2CACDCC1DEEA49300FC2BD1 /* AboutViewController.h */ = {isa = PBXFileReference; fileEncoding = 4; lastKnownFileType = sourcecode.c.h; path = AboutViewController.h; sourceTree = "<group>"; };
		C2CACDCD1DEEA49300FC2BD1 /* AboutViewController.m */ = {isa = PBXFileReference; fileEncoding = 4; lastKnownFileType = sourcecode.c.objc; path = AboutViewController.m; sourceTree = "<group>"; };
		C2CACDD11DEEA54F00FC2BD1 /* HotelListTableViewController.h */ = {isa = PBXFileReference; fileEncoding = 4; lastKnownFileType = sourcecode.c.h; path = HotelListTableViewController.h; sourceTree = "<group>"; };
		C2CACDD21DEEA54F00FC2BD1 /* HotelListTableViewController.m */ = {isa = PBXFileReference; fileEncoding = 4; lastKnownFileType = sourcecode.c.objc; path = HotelListTableViewController.m; sourceTree = "<group>"; };
		C2CACDD41DEEAB1900FC2BD1 /* cities.plist */ = {isa = PBXFileReference; fileEncoding = 4; lastKnownFileType = text.plist.xml; path = cities.plist; sourceTree = "<group>"; };
/* End PBXFileReference section */

/* Begin PBXFrameworksBuildPhase section */
		C29CAC3A1DEAD6AA005044F5 /* Frameworks */ = {
			isa = PBXFrameworksBuildPhase;
			buildActionMask = 2147483647;
			files = (
			);
			runOnlyForDeploymentPostprocessing = 0;
		};
		C29CAC531DEAD6AA005044F5 /* Frameworks */ = {
			isa = PBXFrameworksBuildPhase;
			buildActionMask = 2147483647;
			files = (
			);
			runOnlyForDeploymentPostprocessing = 0;
		};
		C29CAC5E1DEAD6AA005044F5 /* Frameworks */ = {
			isa = PBXFrameworksBuildPhase;
			buildActionMask = 2147483647;
			files = (
			);
			runOnlyForDeploymentPostprocessing = 0;
		};
/* End PBXFrameworksBuildPhase section */

/* Begin PBXGroup section */
		C29CAC341DEAD6AA005044F5 = {
			isa = PBXGroup;
			children = (
				C29CACA21DEAD85A005044F5 /* BusinessLayer.xcodeproj */,
				C29CAC3F1DEAD6AA005044F5 /* jiagexian */,
				C29CAC591DEAD6AA005044F5 /* jiagexianTests */,
				C29CAC641DEAD6AA005044F5 /* jiagexianUITests */,
				C29CAC3E1DEAD6AA005044F5 /* Products */,
			);
			sourceTree = "<group>";
		};
		C29CAC3E1DEAD6AA005044F5 /* Products */ = {
			isa = PBXGroup;
			children = (
				C29CAC3D1DEAD6AA005044F5 /* jiagexian.app */,
				C29CAC561DEAD6AA005044F5 /* jiagexianTests.xctest */,
				C29CAC611DEAD6AA005044F5 /* jiagexianUITests.xctest */,
			);
			name = Products;
			sourceTree = "<group>";
		};
		C29CAC3F1DEAD6AA005044F5 /* jiagexian */ = {
			isa = PBXGroup;
			children = (
				C29CAC741DEAD6CC005044F5 /* Tableviewcell */,
				C29CAC731DEAD6B7005044F5 /* Tableview */,
				C29CAC431DEAD6AA005044F5 /* AppDelegate.h */,
				C29CAC441DEAD6AA005044F5 /* AppDelegate.m */,
				C29CAC461DEAD6AA005044F5 /* ViewController.h */,
				C29CAC471DEAD6AA005044F5 /* ViewController.m */,
				C29CAC491DEAD6AA005044F5 /* Main.storyboard */,
				C29CAC4C1DEAD6AA005044F5 /* Assets.xcassets */,
				C2CACDD41DEEAB1900FC2BD1 /* cities.plist */,
				C29CAC4E1DEAD6AA005044F5 /* LaunchScreen.storyboard */,
				C29CAC511DEAD6AA005044F5 /* Info.plist */,
				C29CAC401DEAD6AA005044F5 /* Supporting Files */,
			);
			path = jiagexian;
			sourceTree = "<group>";
		};
		C29CAC401DEAD6AA005044F5 /* Supporting Files */ = {
			isa = PBXGroup;
			children = (
				C29CAC411DEAD6AA005044F5 /* main.m */,
			);
			name = "Supporting Files";
			sourceTree = "<group>";
		};
		C29CAC591DEAD6AA005044F5 /* jiagexianTests */ = {
			isa = PBXGroup;
			children = (
				C29CAC5A1DEAD6AA005044F5 /* jiagexianTests.m */,
				C29CAC5C1DEAD6AA005044F5 /* Info.plist */,
			);
			path = jiagexianTests;
			sourceTree = "<group>";
		};
		C29CAC641DEAD6AA005044F5 /* jiagexianUITests */ = {
			isa = PBXGroup;
			children = (
				C29CAC651DEAD6AA005044F5 /* jiagexianUITests.m */,
				C29CAC671DEAD6AA005044F5 /* Info.plist */,
			);
			path = jiagexianUITests;
			sourceTree = "<group>";
		};
		C29CAC731DEAD6B7005044F5 /* Tableview */ = {
			isa = PBXGroup;
			children = (
				C29CAC751DEAD7B5005044F5 /* CitiesViewController.h */,
				C29CAC761DEAD7B5005044F5 /* CitiesViewController.m */,
				C29CAC781DEAD7C9005044F5 /* KeysViewController.h */,
				C29CAC791DEAD7C9005044F5 /* KeysViewController.m */,
				C29CAC7B1DEAD7D6005044F5 /* RoomsTableViewController.h */,
				C29CAC7C1DEAD7D6005044F5 /* RoomsTableViewController.m */,
				C2CACDCC1DEEA49300FC2BD1 /* AboutViewController.h */,
				C2CACDCD1DEEA49300FC2BD1 /* AboutViewController.m */,
				C2CACDD11DEEA54F00FC2BD1 /* HotelListTableViewController.h */,
				C2CACDD21DEEA54F00FC2BD1 /* HotelListTableViewController.m */,
			);
			name = Tableview;
			sourceTree = "<group>";
		};
		C29CAC741DEAD6CC005044F5 /* Tableviewcell */ = {
			isa = PBXGroup;
			children = (
			);
			name = Tableviewcell;
			sourceTree = "<group>";
		};
		C29CACA31DEAD85A005044F5 /* Products */ = {
			isa = PBXGroup;
			children = (
				C29CACA81DEAD85B005044F5 /* BusinessLayer.framework */,
				C29CACAA1DEAD85B005044F5 /* BusinessLayerTests.xctest */,
			);
			name = Products;
			sourceTree = "<group>";
		};
/* End PBXGroup section */

/* Begin PBXNativeTarget section */
		C29CAC3C1DEAD6AA005044F5 /* jiagexian */ = {
			isa = PBXNativeTarget;
			buildConfigurationList = C29CAC6A1DEAD6AA005044F5 /* Build configuration list for PBXNativeTarget "jiagexian" */;
			buildPhases = (
				C29CAC391DEAD6AA005044F5 /* Sources */,
				C29CAC3A1DEAD6AA005044F5 /* Frameworks */,
				C29CAC3B1DEAD6AA005044F5 /* Resources */,
			);
			buildRules = (
			);
			dependencies = (
			);
			name = jiagexian;
			productName = jiagexian;
			productReference = C29CAC3D1DEAD6AA005044F5 /* jiagexian.app */;
			productType = "com.apple.product-type.application";
		};
		C29CAC551DEAD6AA005044F5 /* jiagexianTests */ = {
			isa = PBXNativeTarget;
			buildConfigurationList = C29CAC6D1DEAD6AA005044F5 /* Build configuration list for PBXNativeTarget "jiagexianTests" */;
			buildPhases = (
				C29CAC521DEAD6AA005044F5 /* Sources */,
				C29CAC531DEAD6AA005044F5 /* Frameworks */,
				C29CAC541DEAD6AA005044F5 /* Resources */,
			);
			buildRules = (
			);
			dependencies = (
				C29CAC581DEAD6AA005044F5 /* PBXTargetDependency */,
			);
			name = jiagexianTests;
			productName = jiagexianTests;
			productReference = C29CAC561DEAD6AA005044F5 /* jiagexianTests.xctest */;
			productType = "com.apple.product-type.bundle.unit-test";
		};
		C29CAC601DEAD6AA005044F5 /* jiagexianUITests */ = {
			isa = PBXNativeTarget;
			buildConfigurationList = C29CAC701DEAD6AA005044F5 /* Build configuration list for PBXNativeTarget "jiagexianUITests" */;
			buildPhases = (
				C29CAC5D1DEAD6AA005044F5 /* Sources */,
				C29CAC5E1DEAD6AA005044F5 /* Frameworks */,
				C29CAC5F1DEAD6AA005044F5 /* Resources */,
			);
			buildRules = (
			);
			dependencies = (
				C29CAC631DEAD6AA005044F5 /* PBXTargetDependency */,
			);
			name = jiagexianUITests;
			productName = jiagexianUITests;
			productReference = C29CAC611DEAD6AA005044F5 /* jiagexianUITests.xctest */;
			productType = "com.apple.product-type.bundle.ui-testing";
		};
/* End PBXNativeTarget section */

/* Begin PBXProject section */
		C29CAC351DEAD6AA005044F5 /* Project object */ = {
			isa = PBXProject;
			attributes = {
				LastUpgradeCheck = 0810;
				ORGANIZATIONNAME = "derex pan";
				TargetAttributes = {
					C29CAC3C1DEAD6AA005044F5 = {
						CreatedOnToolsVersion = 8.1;
						DevelopmentTeam = 2NHV9XL52A;
						ProvisioningStyle = Automatic;
					};
					C29CAC551DEAD6AA005044F5 = {
						CreatedOnToolsVersion = 8.1;
						DevelopmentTeam = 2NHV9XL52A;
						ProvisioningStyle = Automatic;
						TestTargetID = C29CAC3C1DEAD6AA005044F5;
					};
					C29CAC601DEAD6AA005044F5 = {
						CreatedOnToolsVersion = 8.1;
						DevelopmentTeam = 2NHV9XL52A;
						ProvisioningStyle = Automatic;
						TestTargetID = C29CAC3C1DEAD6AA005044F5;
					};
				};
			};
			buildConfigurationList = C29CAC381DEAD6AA005044F5 /* Build configuration list for PBXProject "jiagexian" */;
			compatibilityVersion = "Xcode 3.2";
			developmentRegion = English;
			hasScannedForEncodings = 0;
			knownRegions = (
				en,
				Base,
			);
			mainGroup = C29CAC341DEAD6AA005044F5;
			productRefGroup = C29CAC3E1DEAD6AA005044F5 /* Products */;
			projectDirPath = "";
			projectReferences = (
				{
					ProductGroup = C29CACA31DEAD85A005044F5 /* Products */;
					ProjectRef = C29CACA21DEAD85A005044F5 /* BusinessLayer.xcodeproj */;
				},
			);
			projectRoot = "";
			targets = (
				C29CAC3C1DEAD6AA005044F5 /* jiagexian */,
				C29CAC551DEAD6AA005044F5 /* jiagexianTests */,
				C29CAC601DEAD6AA005044F5 /* jiagexianUITests */,
			);
		};
/* End PBXProject section */

/* Begin PBXReferenceProxy section */
		C29CACA81DEAD85B005044F5 /* BusinessLayer.framework */ = {
			isa = PBXReferenceProxy;
			fileType = wrapper.framework;
			path = BusinessLayer.framework;
			remoteRef = C29CACA71DEAD85B005044F5 /* PBXContainerItemProxy */;
			sourceTree = BUILT_PRODUCTS_DIR;
		};
		C29CACAA1DEAD85B005044F5 /* BusinessLayerTests.xctest */ = {
			isa = PBXReferenceProxy;
			fileType = wrapper.cfbundle;
			path = BusinessLayerTests.xctest;
			remoteRef = C29CACA91DEAD85B005044F5 /* PBXContainerItemProxy */;
			sourceTree = BUILT_PRODUCTS_DIR;
		};
/* End PBXReferenceProxy section */

/* Begin PBXResourcesBuildPhase section */
		C29CAC3B1DEAD6AA005044F5 /* Resources */ = {
			isa = PBXResourcesBuildPhase;
			buildActionMask = 2147483647;
			files = (
				C29CAC501DEAD6AA005044F5 /* LaunchScreen.storyboard in Resources */,
				C29CAC4D1DEAD6AA005044F5 /* Assets.xcassets in Resources */,
				C29CAC4B1DEAD6AA005044F5 /* Main.storyboard in Resources */,
				C2CACDD51DEEAB1900FC2BD1 /* cities.plist in Resources */,
			);
			runOnlyForDeploymentPostprocessing = 0;
		};
		C29CAC541DEAD6AA005044F5 /* Resources */ = {
			isa = PBXResourcesBuildPhase;
			buildActionMask = 2147483647;
			files = (
			);
			runOnlyForDeploymentPostprocessing = 0;
		};
		C29CAC5F1DEAD6AA005044F5 /* Resources */ = {
			isa = PBXResourcesBuildPhase;
			buildActionMask = 2147483647;
			files = (
			);
			runOnlyForDeploymentPostprocessing = 0;
		};
/* End PBXResourcesBuildPhase section */

/* Begin PBXSourcesBuildPhase section */
		C29CAC391DEAD6AA005044F5 /* Sources */ = {
			isa = PBXSourcesBuildPhase;
			buildActionMask = 2147483647;
			files = (
				C2CACDD31DEEA54F00FC2BD1 /* HotelListTableViewController.m in Sources */,
				C29CAC481DEAD6AA005044F5 /* ViewController.m in Sources */,
				C29CAC771DEAD7B5005044F5 /* CitiesViewController.m in Sources */,
				C29CAC7D1DEAD7D6005044F5 /* RoomsTableViewController.m in Sources */,
				C2CACDCE1DEEA49300FC2BD1 /* AboutViewController.m in Sources */,
				C29CAC451DEAD6AA005044F5 /* AppDelegate.m in Sources */,
				C29CAC7A1DEAD7C9005044F5 /* KeysViewController.m in Sources */,
				C29CAC421DEAD6AA005044F5 /* main.m in Sources */,
			);
			runOnlyForDeploymentPostprocessing = 0;
		};
		C29CAC521DEAD6AA005044F5 /* Sources */ = {
			isa = PBXSourcesBuildPhase;
			buildActionMask = 2147483647;
			files = (
				C29CAC5B1DEAD6AA005044F5 /* jiagexianTests.m in Sources */,
			);
			runOnlyForDeploymentPostprocessing = 0;
		};
		C29CAC5D1DEAD6AA005044F5 /* Sources */ = {
			isa = PBXSourcesBuildPhase;
			buildActionMask = 2147483647;
			files = (
				C29CAC661DEAD6AA005044F5 /* jiagexianUITests.m in Sources */,
			);
			runOnlyForDeploymentPostprocessing = 0;
		};
/* End PBXSourcesBuildPhase section */

/* Begin PBXTargetDependency section */
		C29CAC581DEAD6AA005044F5 /* PBXTargetDependency */ = {
			isa = PBXTargetDependency;
			target = C29CAC3C1DEAD6AA005044F5 /* jiagexian */;
			targetProxy = C29CAC571DEAD6AA005044F5 /* PBXContainerItemProxy */;
		};
		C29CAC631DEAD6AA005044F5 /* PBXTargetDependency */ = {
			isa = PBXTargetDependency;
			target = C29CAC3C1DEAD6AA005044F5 /* jiagexian */;
			targetProxy = C29CAC621DEAD6AA005044F5 /* PBXContainerItemProxy */;
		};
/* End PBXTargetDependency section */

/* Begin PBXVariantGroup section */
		C29CAC491DEAD6AA005044F5 /* Main.storyboard */ = {
			isa = PBXVariantGroup;
			children = (
				C29CAC4A1DEAD6AA005044F5 /* Base */,
			);
			name = Main.storyboard;
			sourceTree = "<group>";
		};
		C29CAC4E1DEAD6AA005044F5 /* LaunchScreen.storyboard */ = {
			isa = PBXVariantGroup;
			children = (
				C29CAC4F1DEAD6AA005044F5 /* Base */,
			);
			name = LaunchScreen.storyboard;
			sourceTree = "<group>";
		};
/* End PBXVariantGroup section */

/* Begin XCBuildConfiguration section */
		C29CAC681DEAD6AA005044F5 /* Debug */ = {
			isa = XCBuildConfiguration;
			buildSettings = {
				ALWAYS_SEARCH_USER_PATHS = NO;
				CLANG_ANALYZER_NONNULL = YES;
				CLANG_CXX_LANGUAGE_STANDARD = "gnu++0x";
				CLANG_CXX_LIBRARY = "libc++";
				CLANG_ENABLE_MODULES = YES;
				CLANG_ENABLE_OBJC_ARC = YES;
				CLANG_WARN_BOOL_CONVERSION = YES;
				CLANG_WARN_CONSTANT_CONVERSION = YES;
				CLANG_WARN_DIRECT_OBJC_ISA_USAGE = YES_ERROR;
				CLANG_WARN_DOCUMENTATION_COMMENTS = YES;
				CLANG_WARN_EMPTY_BODY = YES;
				CLANG_WARN_ENUM_CONVERSION = YES;
				CLANG_WARN_INFINITE_RECURSION = YES;
				CLANG_WARN_INT_CONVERSION = YES;
				CLANG_WARN_OBJC_ROOT_CLASS = YES_ERROR;
				CLANG_WARN_SUSPICIOUS_MOVES = YES;
				CLANG_WARN_UNREACHABLE_CODE = YES;
				CLANG_WARN__DUPLICATE_METHOD_MATCH = YES;
				"CODE_SIGN_IDENTITY[sdk=iphoneos*]" = "iPhone Developer";
				COPY_PHASE_STRIP = NO;
				DEBUG_INFORMATION_FORMAT = dwarf;
				ENABLE_STRICT_OBJC_MSGSEND = YES;
				ENABLE_TESTABILITY = YES;
				GCC_C_LANGUAGE_STANDARD = gnu99;
				GCC_DYNAMIC_NO_PIC = NO;
				GCC_NO_COMMON_BLOCKS = YES;
				GCC_OPTIMIZATION_LEVEL = 0;
				GCC_PREPROCESSOR_DEFINITIONS = (
					"DEBUG=1",
					"$(inherited)",
				);
				GCC_WARN_64_TO_32_BIT_CONVERSION = YES;
				GCC_WARN_ABOUT_RETURN_TYPE = YES_ERROR;
				GCC_WARN_UNDECLARED_SELECTOR = YES;
				GCC_WARN_UNINITIALIZED_AUTOS = YES_AGGRESSIVE;
				GCC_WARN_UNUSED_FUNCTION = YES;
				GCC_WARN_UNUSED_VARIABLE = YES;
				IPHONEOS_DEPLOYMENT_TARGET = 10.1;
				MTL_ENABLE_DEBUG_INFO = YES;
				ONLY_ACTIVE_ARCH = YES;
				SDKROOT = iphoneos;
			};
			name = Debug;
		};
		C29CAC691DEAD6AA005044F5 /* Release */ = {
			isa = XCBuildConfiguration;
			buildSettings = {
				ALWAYS_SEARCH_USER_PATHS = NO;
				CLANG_ANALYZER_NONNULL = YES;
				CLANG_CXX_LANGUAGE_STANDARD = "gnu++0x";
				CLANG_CXX_LIBRARY = "libc++";
				CLANG_ENABLE_MODULES = YES;
				CLANG_ENABLE_OBJC_ARC = YES;
				CLANG_WARN_BOOL_CONVERSION = YES;
				CLANG_WARN_CONSTANT_CONVERSION = YES;
				CLANG_WARN_DIRECT_OBJC_ISA_USAGE = YES_ERROR;
				CLANG_WARN_DOCUMENTATION_COMMENTS = YES;
				CLANG_WARN_EMPTY_BODY = YES;
				CLANG_WARN_ENUM_CONVERSION = YES;
				CLANG_WARN_INFINITE_RECURSION = YES;
				CLANG_WARN_INT_CONVERSION = YES;
				CLANG_WARN_OBJC_ROOT_CLASS = YES_ERROR;
				CLANG_WARN_SUSPICIOUS_MOVES = YES;
				CLANG_WARN_UNREACHABLE_CODE = YES;
				CLANG_WARN__DUPLICATE_METHOD_MATCH = YES;
				"CODE_SIGN_IDENTITY[sdk=iphoneos*]" = "iPhone Developer";
				COPY_PHASE_STRIP = NO;
				DEBUG_INFORMATION_FORMAT = "dwarf-with-dsym";
				ENABLE_NS_ASSERTIONS = NO;
				ENABLE_STRICT_OBJC_MSGSEND = YES;
				GCC_C_LANGUAGE_STANDARD = gnu99;
				GCC_NO_COMMON_BLOCKS = YES;
				GCC_WARN_64_TO_32_BIT_CONVERSION = YES;
				GCC_WARN_ABOUT_RETURN_TYPE = YES_ERROR;
				GCC_WARN_UNDECLARED_SELECTOR = YES;
				GCC_WARN_UNINITIALIZED_AUTOS = YES_AGGRESSIVE;
				GCC_WARN_UNUSED_FUNCTION = YES;
				GCC_WARN_UNUSED_VARIABLE = YES;
				IPHONEOS_DEPLOYMENT_TARGET = 10.1;
				MTL_ENABLE_DEBUG_INFO = NO;
				SDKROOT = iphoneos;
				VALIDATE_PRODUCT = YES;
			};
			name = Release;
		};
		C29CAC6B1DEAD6AA005044F5 /* Debug */ = {
			isa = XCBuildConfiguration;
			buildSettings = {
				ASSETCATALOG_COMPILER_APPICON_NAME = AppIcon;
				DEVELOPMENT_TEAM = 2NHV9XL52A;
				INFOPLIST_FILE = jiagexian/Info.plist;
				LD_RUNPATH_SEARCH_PATHS = "$(inherited) @executable_path/Frameworks";
				PRODUCT_BUNDLE_IDENTIFIER = derex.jiagexian;
				PRODUCT_NAME = "$(TARGET_NAME)";
			};
			name = Debug;
		};
		C29CAC6C1DEAD6AA005044F5 /* Release */ = {
			isa = XCBuildConfiguration;
			buildSettings = {
				ASSETCATALOG_COMPILER_APPICON_NAME = AppIcon;
				DEVELOPMENT_TEAM = 2NHV9XL52A;
				INFOPLIST_FILE = jiagexian/Info.plist;
				LD_RUNPATH_SEARCH_PATHS = "$(inherited) @executable_path/Frameworks";
				PRODUCT_BUNDLE_IDENTIFIER = derex.jiagexian;
				PRODUCT_NAME = "$(TARGET_NAME)";
			};
			name = Release;
		};
		C29CAC6E1DEAD6AA005044F5 /* Debug */ = {
			isa = XCBuildConfiguration;
			buildSettings = {
				BUNDLE_LOADER = "$(TEST_HOST)";
				DEVELOPMENT_TEAM = 2NHV9XL52A;
				INFOPLIST_FILE = jiagexianTests/Info.plist;
				LD_RUNPATH_SEARCH_PATHS = "$(inherited) @executable_path/Frameworks @loader_path/Frameworks";
				PRODUCT_BUNDLE_IDENTIFIER = derex.jiagexianTests;
				PRODUCT_NAME = "$(TARGET_NAME)";
				TEST_HOST = "$(BUILT_PRODUCTS_DIR)/jiagexian.app/jiagexian";
			};
			name = Debug;
		};
		C29CAC6F1DEAD6AA005044F5 /* Release */ = {
			isa = XCBuildConfiguration;
			buildSettings = {
				BUNDLE_LOADER = "$(TEST_HOST)";
				DEVELOPMENT_TEAM = 2NHV9XL52A;
				INFOPLIST_FILE = jiagexianTests/Info.plist;
				LD_RUNPATH_SEARCH_PATHS = "$(inherited) @executable_path/Frameworks @loader_path/Frameworks";
				PRODUCT_BUNDLE_IDENTIFIER = derex.jiagexianTests;
				PRODUCT_NAME = "$(TARGET_NAME)";
				TEST_HOST = "$(BUILT_PRODUCTS_DIR)/jiagexian.app/jiagexian";
			};
			name = Release;
		};
		C29CAC711DEAD6AA005044F5 /* Debug */ = {
			isa = XCBuildConfiguration;
			buildSettings = {
				DEVELOPMENT_TEAM = 2NHV9XL52A;
				INFOPLIST_FILE = jiagexianUITests/Info.plist;
				LD_RUNPATH_SEARCH_PATHS = "$(inherited) @executable_path/Frameworks @loader_path/Frameworks";
				PRODUCT_BUNDLE_IDENTIFIER = derex.jiagexianUITests;
				PRODUCT_NAME = "$(TARGET_NAME)";
				TEST_TARGET_NAME = jiagexian;
			};
			name = Debug;
		};
		C29CAC721DEAD6AA005044F5 /* Release */ = {
			isa = XCBuildConfiguration;
			buildSettings = {
				DEVELOPMENT_TEAM = 2NHV9XL52A;
				INFOPLIST_FILE = jiagexianUITests/Info.plist;
				LD_RUNPATH_SEARCH_PATHS = "$(inherited) @executable_path/Frameworks @loader_path/Frameworks";
				PRODUCT_BUNDLE_IDENTIFIER = derex.jiagexianUITests;
				PRODUCT_NAME = "$(TARGET_NAME)";
				TEST_TARGET_NAME = jiagexian;
			};
			name = Release;
		};
/* End XCBuildConfiguration section */

/* Begin XCConfigurationList section */
		C29CAC381DEAD6AA005044F5 /* Build configuration list for PBXProject "jiagexian" */ = {
			isa = XCConfigurationList;
			buildConfigurations = (
				C29CAC681DEAD6AA005044F5 /* Debug */,
				C29CAC691DEAD6AA005044F5 /* Release */,
			);
			defaultConfigurationIsVisible = 0;
			defaultConfigurationName = Release;
		};
		C29CAC6A1DEAD6AA005044F5 /* Build configuration list for PBXNativeTarget "jiagexian" */ = {
			isa = XCConfigurationList;
			buildConfigurations = (
				C29CAC6B1DEAD6AA005044F5 /* Debug */,
				C29CAC6C1DEAD6AA005044F5 /* Release */,
			);
			defaultConfigurationIsVisible = 0;
			defaultConfigurationName = Release;
		};
		C29CAC6D1DEAD6AA005044F5 /* Build configuration list for PBXNativeTarget "jiagexianTests" */ = {
			isa = XCConfigurationList;
			buildConfigurations = (
				C29CAC6E1DEAD6AA005044F5 /* Debug */,
				C29CAC6F1DEAD6AA005044F5 /* Release */,
			);
			defaultConfigurationIsVisible = 0;
			defaultConfigurationName = Release;
		};
		C29CAC701DEAD6AA005044F5 /* Build configuration list for PBXNativeTarget "jiagexianUITests" */ = {
			isa = XCConfigurationList;
			buildConfigurations = (
				C29CAC711DEAD6AA005044F5 /* Debug */,
				C29CAC721DEAD6AA005044F5 /* Release */,
			);
			defaultConfigurationIsVisible = 0;
			defaultConfigurationName = Release;
		};
/* End XCConfigurationList section */
	};
	rootObject = C29CAC351DEAD6AA005044F5 /* Project object */;
}
